
Microsoft Visual Studio Solution File, Format Version 12.00
# Visual Studio Version 16
VisualStudioVersion = 16.0.30413.136
MinimumVisualStudioVersion = 10.0.40219.1
Project("{FAE04EC0-301F-11D3-BF4B-00C04F79EFBC}") = "udp2serial", "udp2serial.csproj", "{BBF287E8-FE1D-4D3F-A4B5-2860A557FA5A}"
EndProject
Global
	GlobalSection(SolutionConfigurationPlatforms) = preSolution
		Debug|Any CPU = Debug|Any CPU
		Release|Any CPU = Release|Any CPU
	EndGlobalSection
	GlobalSection(ProjectConfigurationPlatforms) = postSolution
		{BBF287E8-FE1D-4D3F-A4B5-2860A557FA5A}.Debug|Any CPU.ActiveCfg = Debug|Any CPU
		{BBF287E8-FE1D-4D3F-A4B5-2860A557FA5A}.Debug|Any CPU.Build.0 = Debug|Any CPU
		{BBF287E8-FE1D-4D3F-A4B5-2860A557FA5A}.Release|Any CPU.ActiveCfg = Release|Any CPU
		{BBF287E8-FE1D-4D3F-A4B5-2860A557FA5A}.Release|Any CPU.Build.0 = Release|Any CPU
	EndGlobalSection
	GlobalSection(SolutionProperties) = preSolution
		HideSolutionNode = FALSE
	EndGlobalSection
	GlobalSection(ExtensibilityGlobals) = postSolution
		SolutionGuid = {C1919CE2-3F60-4DF1-8DCC-C6B4DD5447F2}
	EndGlobalSection
EndGlobal
